// !$*UTF8*$!
{
	archiveVersion = 1;
	classes = {
	};
	objectVersion = 55;
	objects = {

/* Begin PBXBuildFile section */
		2AE4F22C28ABF1CC005E454F /* ColorCharApp.swift in Sources */ = {isa = PBXBuildFile; fileRef = 2AE4F22B28ABF1CC005E454F /* ColorCharApp.swift */; };
		2AE4F22E28ABF1CC005E454F /* ContentView.swift in Sources */ = {isa = PBXBuildFile; fileRef = 2AE4F22D28ABF1CC005E454F /* ContentView.swift */; };
		2AE4F23028ABF1CD005E454F /* Assets.xcassets in Resources */ = {isa = PBXBuildFile; fileRef = 2AE4F22F28ABF1CD005E454F /* Assets.xcassets */; };
		2AE4F23328ABF1CD005E454F /* Preview Assets.xcassets in Resources */ = {isa = PBXBuildFile; fileRef = 2AE4F23228ABF1CD005E454F /* Preview Assets.xcassets */; };
		2AE4F23A28ABF1F6005E454F /* ColorCellView.swift in Sources */ = {isa = PBXBuildFile; fileRef = 2AE4F23928ABF1F6005E454F /* ColorCellView.swift */; };
		2AE4F23C28ABF20C005E454F /* MaterialCellView.swift in Sources */ = {isa = PBXBuildFile; fileRef = 2AE4F23B28ABF20C005E454F /* MaterialCellView.swift */; };
		2AE4F23E28ABF221005E454F /* ColorView.swift in Sources */ = {isa = PBXBuildFile; fileRef = 2AE4F23D28ABF221005E454F /* ColorView.swift */; };
		2AE4F24028ABF232005E454F /* MaterialView.swift in Sources */ = {isa = PBXBuildFile; fileRef = 2AE4F23F28ABF232005E454F /* MaterialView.swift */; };
		2AE4F24228ABF24C005E454F /* ContentViewModel.swift in Sources */ = {isa = PBXBuildFile; fileRef = 2AE4F24128ABF24C005E454F /* ContentViewModel.swift */; };
		2AE4F24428ABF267005E454F /* ColorViewModel.swift in Sources */ = {isa = PBXBuildFile; fileRef = 2AE4F24328ABF267005E454F /* ColorViewModel.swift */; };
		2AE4F24628ABF27A005E454F /* ColorStr.swift in Sources */ = {isa = PBXBuildFile; fileRef = 2AE4F24528ABF27A005E454F /* ColorStr.swift */; };
		2AE4F24828ABF28D005E454F /* MaterialStr.swift in Sources */ = {isa = PBXBuildFile; fileRef = 2AE4F24728ABF28D005E454F /* MaterialStr.swift */; };
		2AE4F24A28ABF2AC005E454F /* ColorElements.swift in Sources */ = {isa = PBXBuildFile; fileRef = 2AE4F24928ABF2AC005E454F /* ColorElements.swift */; };
/* End PBXBuildFile section */

/* Begin PBXFileReference section */
		2AE4F22828ABF1CC005E454F /* ColorChart.app */ = {isa = PBXFileReference; explicitFileType = wrapper.application; includeInIndex = 0; path = ColorChart.app; sourceTree = BUILT_PRODUCTS_DIR; };
		2AE4F22B28ABF1CC005E454F /* ColorCharApp.swift */ = {isa = PBXFileReference; lastKnownFileType = sourcecode.swift; path = ColorCharApp.swift; sourceTree = "<group>"; };
		2AE4F22D28ABF1CC005E454F /* ContentView.swift */ = {isa = PBXFileReference; lastKnownFileType = sourcecode.swift; path = ContentView.swift; sourceTree = "<group>"; };
		2AE4F22F28ABF1CD005E454F /* Assets.xcassets */ = {isa = PBXFileReference; lastKnownFileType = folder.assetcatalog; path = Assets.xcassets; sourceTree = "<group>"; };
		2AE4F23228ABF1CD005E454F /* Preview Assets.xcassets */ = {isa = PBXFileReference; lastKnownFileType = folder.assetcatalog; path = "Preview Assets.xcassets"; sourceTree = "<group>"; };
		2AE4F23928ABF1F6005E454F /* ColorCellView.swift */ = {isa = PBXFileReference; lastKnownFileType = sourcecode.swift; path = ColorCellView.swift; sourceTree = "<group>"; };
		2AE4F23B28ABF20C005E454F /* MaterialCellView.swift */ = {isa = PBXFileReference; lastKnownFileType = sourcecode.swift; path = MaterialCellView.swift; sourceTree = "<group>"; };
		2AE4F23D28ABF221005E454F /* ColorView.swift */ = {isa = PBXFileReference; lastKnownFileType = sourcecode.swift; path = ColorView.swift; sourceTree = "<group>"; };
		2AE4F23F28ABF232005E454F /* MaterialView.swift */ = {isa = PBXFileReference; lastKnownFileType = sourcecode.swift; path = MaterialView.swift; sourceTree = "<group>"; };
		2AE4F24128ABF24C005E454F /* ContentViewModel.swift */ = {isa = PBXFileReference; lastKnownFileType = sourcecode.swift; path = ContentViewModel.swift; sourceTree = "<group>"; };
		2AE4F24328ABF267005E454F /* ColorViewModel.swift */ = {isa = PBXFileReference; lastKnownFileType = sourcecode.swift; path = ColorViewModel.swift; sourceTree = "<group>"; };
		2AE4F24528ABF27A005E454F /* ColorStr.swift */ = {isa = PBXFileReference; lastKnownFileType = sourcecode.swift; path = ColorStr.swift; sourceTree = "<group>"; };
		2AE4F24728ABF28D005E454F /* MaterialStr.swift */ = {isa = PBXFileReference; lastKnownFileType = sourcecode.swift; path = MaterialStr.swift; sourceTree = "<group>"; };
		2AE4F24928ABF2AC005E454F /* ColorElements.swift */ = {isa = PBXFileReference; lastKnownFileType = sourcecode.swift; path = ColorElements.swift; sourceTree = "<group>"; };
/* End PBXFileReference section */

/* Begin PBXFrameworksBuildPhase section */
		2AE4F22528ABF1CC005E454F /* Frameworks */ = {
			isa = PBXFrameworksBuildPhase;
			buildActionMask = 2147483647;
			files = (
			);
			runOnlyForDeploymentPostprocessing = 0;
		};
/* End PBXFrameworksBuildPhase section */

/* Begin PBXGroup section */
		2AE4F21F28ABF1CC005E454F = {
			isa = PBXGroup;
			children = (
				2AE4F22A28ABF1CC005E454F /* ColorChar */,
				2AE4F22928ABF1CC005E454F /* Products */,
			);
			sourceTree = "<group>";
		};
		2AE4F22928ABF1CC005E454F /* Products */ = {
			isa = PBXGroup;
			children = (
				2AE4F22828ABF1CC005E454F /* ColorChart.app */,
			);
			name = Products;
			sourceTree = "<group>";
		};
		2AE4F22A28ABF1CC005E454F /* ColorChar */ = {
			isa = PBXGroup;
			children = (
				2AE4F22B28ABF1CC005E454F /* ColorCharApp.swift */,
				2AE4F22D28ABF1CC005E454F /* ContentView.swift */,
				2AE4F23928ABF1F6005E454F /* ColorCellView.swift */,
				2AE4F23B28ABF20C005E454F /* MaterialCellView.swift */,
				2AE4F23D28ABF221005E454F /* ColorView.swift */,
				2AE4F23F28ABF232005E454F /* MaterialView.swift */,
				2AE4F24128ABF24C005E454F /* ContentViewModel.swift */,
				2AE4F24328ABF267005E454F /* ColorViewModel.swift */,
				2AE4F24528ABF27A005E454F /* ColorStr.swift */,
				2AE4F24728ABF28D005E454F /* MaterialStr.swift */,
				2AE4F24928ABF2AC005E454F /* ColorElements.swift */,
				2AE4F22F28ABF1CD005E454F /* Assets.xcassets */,
				2AE4F23128ABF1CD005E454F /* Preview Content */,
			);
			path = ColorChar;
			sourceTree = "<group>";
		};
		2AE4F23128ABF1CD005E454F /* Preview Content */ = {
			isa = PBXGroup;
			children = (
				2AE4F23228ABF1CD005E454F /* Preview Assets.xcassets */,
			);
			path = "Preview Content";
			sourceTree = "<group>";
		};
/* End PBXGroup section */

/* Begin PBXNativeTarget section */
		2AE4F22728ABF1CC005E454F /* ColorChart */ = {
			isa = PBXNativeTarget;
			buildConfigurationList = 2AE4F23628ABF1CD005E454F /* Build configuration list for PBXNativeTarget "ColorChart" */;
			buildPhases = (
				2AE4F22428ABF1CC005E454F /* Sources */,
				2AE4F22528ABF1CC005E454F /* Frameworks */,
				2AE4F22628ABF1CC005E454F /* Resources */,
			);
			buildRules = (
			);
			dependencies = (
			);
			name = ColorChart;
			productName = ColorChar;
			productReference = 2AE4F22828ABF1CC005E454F /* ColorChart.app */;
			productType = "com.apple.product-type.application";
		};
/* End PBXNativeTarget section */

/* Begin PBXProject section */
		2AE4F22028ABF1CC005E454F /* Project object */ = {
			isa = PBXProject;
			attributes = {
				BuildIndependentTargetsInParallel = 1;
				LastSwiftUpdateCheck = 1340;
				LastUpgradeCheck = 1340;
				TargetAttributes = {
					2AE4F22728ABF1CC005E454F = {
						CreatedOnToolsVersion = 13.4.1;
					};
				};
			};
			buildConfigurationList = 2AE4F22328ABF1CC005E454F /* Build configuration list for PBXProject "ColorChart" */;
			compatibilityVersion = "Xcode 13.0";
			developmentRegion = en;
			hasScannedForEncodings = 0;
			knownRegions = (
				en,
				Base,
			);
			mainGroup = 2AE4F21F28ABF1CC005E454F;
			productRefGroup = 2AE4F22928ABF1CC005E454F /* Products */;
			projectDirPath = "";
			projectRoot = "";
			targets = (
				2AE4F22728ABF1CC005E454F /* ColorChart */,
			);
		};
/* End PBXProject section */

/* Begin PBXResourcesBuildPhase section */
		2AE4F22628ABF1CC005E454F /* Resources */ = {
			isa = PBXResourcesBuildPhase;
			buildActionMask = 2147483647;
			files = (
				2AE4F23328ABF1CD005E454F /* Preview Assets.xcassets in Resources */,
				2AE4F23028ABF1CD005E454F /* Assets.xcassets in Resources */,
			);
			runOnlyForDeploymentPostprocessing = 0;
		};
/* End PBXResourcesBuildPhase section */

/* Begin PBXSourcesBuildPhase section */
		2AE4F22428ABF1CC005E454F /* Sources */ = {
			isa = PBXSourcesBuildPhase;
			buildActionMask = 2147483647;
			files = (
				2AE4F24628ABF27A005E454F /* ColorStr.swift in Sources */,
				2AE4F22E28ABF1CC005E454F /* ContentView.swift in Sources */,
				2AE4F24A28ABF2AC005E454F /* ColorElements.swift in Sources */,
				2AE4F24828ABF28D005E454F /* MaterialStr.swift in Sources */,
				2AE4F23A28ABF1F6005E454F /* ColorCellView.swift in Sources */,
				2AE4F24428ABF267005E454F /* ColorViewModel.swift in Sources */,
				2AE4F22C28ABF1CC005E454F /* ColorCharApp.swift in Sources */,
				2AE4F24228ABF24C005E454F /* ContentViewModel.swift in Sources */,
				2AE4F24028ABF232005E454F /* MaterialView.swift in Sources */,
				2AE4F23C28ABF20C005E454F /* MaterialCellView.swift in Sources */,
				2AE4F23E28ABF221005E454F /* ColorView.swift in Sources */,
			);
			runOnlyForDeploymentPostprocessing = 0;
		};
/* End PBXSourcesBuildPhase section */

/* Begin XCBuildConfiguration section */
		2AE4F23428ABF1CD005E454F /* Debug */ = {
			isa = XCBuildConfiguration;
			buildSettings = {
				ALWAYS_SEARCH_USER_PATHS = NO;
				CLANG_ANALYZER_NONNULL = YES;
				CLANG_ANALYZER_NUMBER_OBJECT_CONVERSION = YES_AGGRESSIVE;
				CLANG_CXX_LANGUAGE_STANDARD = "gnu++17";
				CLANG_ENABLE_MODULES = YES;
				CLANG_ENABLE_OBJC_ARC = YES;
				CLANG_ENABLE_OBJC_WEAK = YES;
				CLANG_WARN_BLOCK_CAPTURE_AUTORELEASING = YES;
				CLANG_WARN_BOOL_CONVERSION = YES;
				CLANG_WARN_COMMA = YES;
				CLANG_WARN_CONSTANT_CONVERSION = YES;
				CLANG_WARN_DEPRECATED_OBJC_IMPLEMENTATIONS = YES;
				CLANG_WARN_DIRECT_OBJC_ISA_USAGE = YES_ERROR;
				CLANG_WARN_DOCUMENTATION_COMMENTS = YES;
				CLANG_WARN_EMPTY_BODY = YES;
				CLANG_WARN_ENUM_CONVERSION = YES;
				CLANG_WARN_INFINITE_RECURSION = YES;
				CLANG_WARN_INT_CONVERSION = YES;
				CLANG_WARN_NON_LITERAL_NULL_CONVERSION = YES;
				CLANG_WARN_OBJC_IMPLICIT_RETAIN_SELF = YES;
				CLANG_WARN_OBJC_LITERAL_CONVERSION = YES;
				CLANG_WARN_OBJC_ROOT_CLASS = YES_ERROR;
				CLANG_WARN_QUOTED_INCLUDE_IN_FRAMEWORK_HEADER = YES;
				CLANG_WARN_RANGE_LOOP_ANALYSIS = YES;
				CLANG_WARN_STRICT_PROTOTYPES = YES;
				CLANG_WARN_SUSPICIOUS_MOVE = YES;
				CLANG_WARN_UNGUARDED_AVAILABILITY = YES_AGGRESSIVE;
				CLANG_WARN_UNREACHABLE_CODE = YES;
				CLANG_WARN__DUPLICATE_METHOD_MATCH = YES;
				COPY_PHASE_STRIP = NO;
				DEBUG_INFORMATION_FORMAT = dwarf;
				ENABLE_STRICT_OBJC_MSGSEND = YES;
				ENABLE_TESTABILITY = YES;
				GCC_C_LANGUAGE_STANDARD = gnu11;
				GCC_DYNAMIC_NO_PIC = NO;
				GCC_NO_COMMON_BLOCKS = YES;
				GCC_OPTIMIZATION_LEVEL = 0;
				GCC_PREPROCESSOR_DEFINITIONS = (
					"DEBUG=1",
					"$(inherited)",
				);
				GCC_WARN_64_TO_32_BIT_CONVERSION = YES;
				GCC_WARN_ABOUT_RETURN_TYPE = YES_ERROR;
				GCC_WARN_UNDECLARED_SELECTOR = YES;
				GCC_WARN_UNINITIALIZED_AUTOS = YES_AGGRESSIVE;
				GCC_WARN_UNUSED_FUNCTION = YES;
				GCC_WARN_UNUSED_VARIABLE = YES;
				IPHONEOS_DEPLOYMENT_TARGET = 15.5;
				MTL_ENABLE_DEBUG_INFO = INCLUDE_SOURCE;
				MTL_FAST_MATH = YES;
				ONLY_ACTIVE_ARCH = YES;
				SDKROOT = iphoneos;
				SWIFT_ACTIVE_COMPILATION_CONDITIONS = DEBUG;
				SWIFT_OPTIMIZATION_LEVEL = "-Onone";
			};
			name = Debug;
		};
		2AE4F23528ABF1CD005E454F /* Release */ = {
			isa = XCBuildConfiguration;
			buildSettings = {
				ALWAYS_SEARCH_USER_PATHS = NO;
				CLANG_ANALYZER_NONNULL = YES;
				CLANG_ANALYZER_NUMBER_OBJECT_CONVERSION = YES_AGGRESSIVE;
				CLANG_CXX_LANGUAGE_STANDARD = "gnu++17";
				CLANG_ENABLE_MODULES = YES;
				CLANG_ENABLE_OBJC_ARC = YES;
				CLANG_ENABLE_OBJC_WEAK = YES;
				CLANG_WARN_BLOCK_CAPTURE_AUTORELEASING = YES;
				CLANG_WARN_BOOL_CONVERSION = YES;
				CLANG_WARN_COMMA = YES;
				CLANG_WARN_CONSTANT_CONVERSION = YES;
				CLANG_WARN_DEPRECATED_OBJC_IMPLEMENTATIONS = YES;
				CLANG_WARN_DIRECT_OBJC_ISA_USAGE = YES_ERROR;
				CLANG_WARN_DOCUMENTATION_COMMENTS = YES;
				CLANG_WARN_EMPTY_BODY = YES;
				CLANG_WARN_ENUM_CONVERSION = YES;
				CLANG_WARN_INFINITE_RECURSION = YES;
				CLANG_WARN_INT_CONVERSION = YES;
				CLANG_WARN_NON_LITERAL_NULL_CONVERSION = YES;
				CLANG_WARN_OBJC_IMPLICIT_RETAIN_SELF = YES;
				CLANG_WARN_OBJC_LITERAL_CONVERSION = YES;
				CLANG_WARN_OBJC_ROOT_CLASS = YES_ERROR;
				CLANG_WARN_QUOTED_INCLUDE_IN_FRAMEWORK_HEADER = YES;
				CLANG_WARN_RANGE_LOOP_ANALYSIS = YES;
				CLANG_WARN_STRICT_PROTOTYPES = YES;
				CLANG_WARN_SUSPICIOUS_MOVE = YES;
				CLANG_WARN_UNGUARDED_AVAILABILITY = YES_AGGRESSIVE;
				CLANG_WARN_UNREACHABLE_CODE = YES;
				CLANG_WARN__DUPLICATE_METHOD_MATCH = YES;
				COPY_PHASE_STRIP = NO;
				DEBUG_INFORMATION_FORMAT = "dwarf-with-dsym";
				ENABLE_NS_ASSERTIONS = NO;
				ENABLE_STRICT_OBJC_MSGSEND = YES;
				GCC_C_LANGUAGE_STANDARD = gnu11;
				GCC_NO_COMMON_BLOCKS = YES;
				GCC_WARN_64_TO_32_BIT_CONVERSION = YES;
				GCC_WARN_ABOUT_RETURN_TYPE = YES_ERROR;
				GCC_WARN_UNDECLARED_SELECTOR = YES;
				GCC_WARN_UNINITIALIZED_AUTOS = YES_AGGRESSIVE;
				GCC_WARN_UNUSED_FUNCTION = YES;
				GCC_WARN_UNUSED_VARIABLE = YES;
				IPHONEOS_DEPLOYMENT_TARGET = 15.5;
				MTL_ENABLE_DEBUG_INFO = NO;
				MTL_FAST_MATH = YES;
				SDKROOT = iphoneos;
				SWIFT_COMPILATION_MODE = wholemodule;
				SWIFT_OPTIMIZATION_LEVEL = "-O";
				VALIDATE_PRODUCT = YES;
			};
			name = Release;
		};
		2AE4F23728ABF1CD005E454F /* Debug */ = {
			isa = XCBuildConfiguration;
			buildSettings = {
				ASSETCATALOG_COMPILER_APPICON_NAME = AppIcon;
				ASSETCATALOG_COMPILER_GLOBAL_ACCENT_COLOR_NAME = AccentColor;
				CODE_SIGN_STYLE = Automatic;
				CURRENT_PROJECT_VERSION = 1;
				DEVELOPMENT_ASSET_PATHS = "\"ColorChar/Preview Content\"";
				DEVELOPMENT_TEAM = BGS5U89ZQT;
				ENABLE_PREVIEWS = YES;
				GENERATE_INFOPLIST_FILE = YES;
				INFOPLIST_KEY_UIApplicationSceneManifest_Generation = YES;
				INFOPLIST_KEY_UIApplicationSupportsIndirectInputEvents = YES;
				INFOPLIST_KEY_UILaunchScreen_Generation = YES;
				INFOPLIST_KEY_UISupportedInterfaceOrientations_iPad = "UIInterfaceOrientationPortrait UIInterfaceOrientationPortraitUpsideDown UIInterfaceOrientationLandscapeLeft UIInterfaceOrientationLandscapeRight";
				INFOPLIST_KEY_UISupportedInterfaceOrientations_iPhone = "UIInterfaceOrientationPortrait UIInterfaceOrientationLandscapeLeft UIInterfaceOrientationLandscapeRight";
				IPHONEOS_DEPLOYMENT_TARGET = 16.0;
				LD_RUNPATH_SEARCH_PATHS = (
					"$(inherited)",
					"@executable_path/Frameworks",
				);
				MARKETING_VERSION = 1.0;
				PRODUCT_BUNDLE_IDENTIFIER = jp.jec.ac.cm.ColorChar;
				PRODUCT_NAME = "$(TARGET_NAME)";
				SWIFT_EMIT_LOC_STRINGS = YES;
				SWIFT_VERSION = 5.0;
				TARGETED_DEVICE_FAMILY = "1,2";
			};
			name = Debug;
		};
		2AE4F23828ABF1CD005E454F /* Release */ = {
			isa = XCBuildConfiguration;
			buildSettings = {
				ASSETCATALOG_COMPILER_APPICON_NAME = AppIcon;
				ASSETCATALOG_COMPILER_GLOBAL_ACCENT_COLOR_NAME = AccentColor;
				CODE_SIGN_STYLE = Automatic;
				CURRENT_PROJECT_VERSION = 1;
				DEVELOPMENT_ASSET_PATHS = "\"ColorChar/Preview Content\"";
				DEVELOPMENT_TEAM = BGS5U89ZQT;
				ENABLE_PREVIEWS = YES;
				GENERATE_INFOPLIST_FILE = YES;
				INFOPLIST_KEY_UIApplicationSceneManifest_Generation = YES;
				INFOPLIST_KEY_UIApplicationSupportsIndirectInputEvents = YES;
				INFOPLIST_KEY_UILaunchScreen_Generation = YES;
				INFOPLIST_KEY_UISupportedInterfaceOrientations_iPad = "UIInterfaceOrientationPortrait UIInterfaceOrientationPortraitUpsideDown UIInterfaceOrientationLandscapeLeft UIInterfaceOrientationLandscapeRight";
				INFOPLIST_KEY_UISupportedInterfaceOrientations_iPhone = "UIInterfaceOrientationPortrait UIInterfaceOrientationLandscapeLeft UIInterfaceOrientationLandscapeRight";
				IPHONEOS_DEPLOYMENT_TARGET = 16.0;
				LD_RUNPATH_SEARCH_PATHS = (
					"$(inherited)",
					"@executable_path/Frameworks",
				);
				MARKETING_VERSION = 1.0;
				PRODUCT_BUNDLE_IDENTIFIER = jp.jec.ac.cm.ColorChar;
				PRODUCT_NAME = "$(TARGET_NAME)";
				SWIFT_EMIT_LOC_STRINGS = YES;
				SWIFT_VERSION = 5.0;
				TARGETED_DEVICE_FAMILY = "1,2";
			};
			name = Release;
		};
/* End XCBuildConfiguration section */

/* Begin XCConfigurationList section */
		2AE4F22328ABF1CC005E454F /* Build configuration list for PBXProject "ColorChart" */ = {
			isa = XCConfigurationList;
			buildConfigurations = (
				2AE4F23428ABF1CD005E454F /* Debug */,
				2AE4F23528ABF1CD005E454F /* Release */,
			);
			defaultConfigurationIsVisible = 0;
			defaultConfigurationName = Release;
		};
		2AE4F23628ABF1CD005E454F /* Build configuration list for PBXNativeTarget "ColorChart" */ = {
			isa = XCConfigurationList;
			buildConfigurations = (
				2AE4F23728ABF1CD005E454F /* Debug */,
				2AE4F23828ABF1CD005E454F /* Release */,
			);
			defaultConfigurationIsVisible = 0;
			defaultConfigurationName = Release;
		};
/* End XCConfigurationList section */
	};
	rootObject = 2AE4F22028ABF1CC005E454F /* Project object */;
}
